
Microsoft Visual Studio Solution File, Format Version 12.00
# Visual Studio Version 17
VisualStudioVersion = 17.12.35527.113 d17.12
MinimumVisualStudioVersion = 10.0.40219.1
Project("{FAE04EC0-301F-11D3-BF4B-00C04F79EFBC}") = "lab3console", "lab3console\lab3console.csproj", "{D71AEFE0-8DC2-4430-9068-906BD91AC82D}"
EndProject
Project("{FAE04EC0-301F-11D3-BF4B-00C04F79EFBC}") = "ImageEditing", "ImageEditing\ImageEditing.csproj", "{9BD6EFA9-B37F-4D8A-88F2-7DAC81C90EF6}"
EndProject
Global
	GlobalSection(SolutionConfigurationPlatforms) = preSolution
		Debug|Any CPU = Debug|Any CPU
		Release|Any CPU = Release|Any CPU
	EndGlobalSection
	GlobalSection(ProjectConfigurationPlatforms) = postSolution
		{D71AEFE0-8DC2-4430-9068-906BD91AC82D}.Debug|Any CPU.ActiveCfg = Debug|Any CPU
		{D71AEFE0-8DC2-4430-9068-906BD91AC82D}.Debug|Any CPU.Build.0 = Debug|Any CPU
		{D71AEFE0-8DC2-4430-9068-906BD91AC82D}.Release|Any CPU.ActiveCfg = Release|Any CPU
		{D71AEFE0-8DC2-4430-9068-906BD91AC82D}.Release|Any CPU.Build.0 = Release|Any CPU
		{9BD6EFA9-B37F-4D8A-88F2-7DAC81C90EF6}.Debug|Any CPU.ActiveCfg = Debug|Any CPU
		{9BD6EFA9-B37F-4D8A-88F2-7DAC81C90EF6}.Debug|Any CPU.Build.0 = Debug|Any CPU
		{9BD6EFA9-B37F-4D8A-88F2-7DAC81C90EF6}.Release|Any CPU.ActiveCfg = Release|Any CPU
		{9BD6EFA9-B37F-4D8A-88F2-7DAC81C90EF6}.Release|Any CPU.Build.0 = Release|Any CPU
	EndGlobalSection
	GlobalSection(SolutionProperties) = preSolution
		HideSolutionNode = FALSE
	EndGlobalSection
EndGlobal
